
Microsoft Visual Studio Solution File, Format Version 12.00
# Visual Studio Version 16
VisualStudioVersion = 16.0.29728.190
MinimumVisualStudioVersion = 10.0.40219.1
Project("{9A19103F-16F7-4668-BE54-9A1E7A4F7556}") = "WebApplication1", "WebApplication1\WebApplication1.csproj", "{71693A94-0BFA-4952-AB1C-E07E8B143789}"
EndProject
Project("{2150E333-8FDC-42A3-9474-1A3956D46DE8}") = "Solution Items", "Solution Items", "{573FDB2D-25D2-4F77-B934-065B2596B043}"
	ProjectSection(SolutionItems) = preProject
		.editorconfig = .editorconfig
	EndProjectSection
EndProject
Global
	GlobalSection(SolutionConfigurationPlatforms) = preSolution
		Debug|Any CPU = Debug|Any CPU
		Release|Any CPU = Release|Any CPU
	EndGlobalSection
	GlobalSection(ProjectConfigurationPlatforms) = postSolution
		{71693A94-0BFA-4952-AB1C-E07E8B143789}.Debug|Any CPU.ActiveCfg = Debug|Any CPU
		{71693A94-0BFA-4952-AB1C-E07E8B143789}.Debug|Any CPU.Build.0 = Debug|Any CPU
		{71693A94-0BFA-4952-AB1C-E07E8B143789}.Release|Any CPU.ActiveCfg = Release|Any CPU
		{71693A94-0BFA-4952-AB1C-E07E8B143789}.Release|Any CPU.Build.0 = Release|Any CPU
	EndGlobalSection
	GlobalSection(SolutionProperties) = preSolution
		HideSolutionNode = FALSE
	EndGlobalSection
	GlobalSection(ExtensibilityGlobals) = postSolution
		SolutionGuid = {1D315A7F-3A15-43B9-BBE1-7F972596F42A}
	EndGlobalSection
EndGlobal
